
Microsoft Visual Studio Solution File, Format Version 12.00
# Visual Studio 15
VisualStudioVersion = 15.0.27130.2036
MinimumVisualStudioVersion = 10.0.40219.1
Project("{888888A0-9F3D-457C-B088-3A5042F75D52}") = "gitrepair", "gitrepair\gitrepair.pyproj", "{FDA1CEF9-8FB0-44BC-B010-3EAA789AE033}"
EndProject
Global
	GlobalSection(SolutionConfigurationPlatforms) = preSolution
		Debug|Any CPU = Debug|Any CPU
		Release|Any CPU = Release|Any CPU
	EndGlobalSection
	GlobalSection(ProjectConfigurationPlatforms) = postSolution
		{FDA1CEF9-8FB0-44BC-B010-3EAA789AE033}.Debug|Any CPU.ActiveCfg = Debug|Any CPU
		{FDA1CEF9-8FB0-44BC-B010-3EAA789AE033}.Release|Any CPU.ActiveCfg = Release|Any CPU
	EndGlobalSection
	GlobalSection(SolutionProperties) = preSolution
		HideSolutionNode = FALSE
	EndGlobalSection
	GlobalSection(ExtensibilityGlobals) = postSolution
		SolutionGuid = {044F4A0D-9B43-4936-9FC4-771000F07089}
	EndGlobalSection
EndGlobal
